
Microsoft Visual Studio Solution File, Format Version 12.00
# Visual Studio Version 16
VisualStudioVersion = 16.0.31313.79
MinimumVisualStudioVersion = 10.0.40219.1
Project("{FAE04EC0-301F-11D3-BF4B-00C04F79EFBC}") = "TP6", "TP6\TP6.csproj", "{4E578BAC-D759-488E-B84E-FD2B3A266676}"
EndProject
Global
	GlobalSection(SolutionConfigurationPlatforms) = preSolution
		Debug|Any CPU = Debug|Any CPU
		Release|Any CPU = Release|Any CPU
	EndGlobalSection
	GlobalSection(ProjectConfigurationPlatforms) = postSolution
		{4E578BAC-D759-488E-B84E-FD2B3A266676}.Debug|Any CPU.ActiveCfg = Debug|Any CPU
		{4E578BAC-D759-488E-B84E-FD2B3A266676}.Debug|Any CPU.Build.0 = Debug|Any CPU
		{4E578BAC-D759-488E-B84E-FD2B3A266676}.Release|Any CPU.ActiveCfg = Release|Any CPU
		{4E578BAC-D759-488E-B84E-FD2B3A266676}.Release|Any CPU.Build.0 = Release|Any CPU
	EndGlobalSection
	GlobalSection(SolutionProperties) = preSolution
		HideSolutionNode = FALSE
	EndGlobalSection
	GlobalSection(ExtensibilityGlobals) = postSolution
		SolutionGuid = {F04EF3D4-919F-400F-83C0-B86B5A174F7F}
	EndGlobalSection
EndGlobal
